
Microsoft Visual Studio Solution File, Format Version 12.00
# Visual Studio Version 17
VisualStudioVersion = 17.7.34003.232
MinimumVisualStudioVersion = 10.0.40219.1
Project("{9A19103F-16F7-4668-BE54-9A1E7A4F7556}") = "MediaServer", "Project-Friend-Media\MediaServer.csproj", "{32CB6B69-AF1D-44D2-828E-8BA9C6270A4D}"
EndProject
Project("{9A19103F-16F7-4668-BE54-9A1E7A4F7556}") = "Common", "Common\Common.csproj", "{C06FFE43-CC3B-4909-A0EA-712D8E51B95C}"
EndProject
Project("{9A19103F-16F7-4668-BE54-9A1E7A4F7556}") = "UpdateServer", "UpdateServer\UpdateServer.csproj", "{93D7258F-A3EE-4D16-8E59-0AAC30C24680}"
EndProject
Project("{9A19103F-16F7-4668-BE54-9A1E7A4F7556}") = "ClientLauncher", "ClientLauncher\ClientLauncher.csproj", "{0AA4774A-E27D-4602-A520-B24DD1D37E8A}"
EndProject
Project("{9A19103F-16F7-4668-BE54-9A1E7A4F7556}") = "VoiceChat", "VoiceChat\VoiceChat.csproj", "{3FFDD463-FE66-421A-BC25-764665D47DC6}"
EndProject
Project("{FAE04EC0-301F-11D3-BF4B-00C04F79EFBC}") = "Client", "Client\Client.csproj", "{625F734C-BC5D-4292-B7F9-CFE5FECF898E}"
EndProject
Global
	GlobalSection(SolutionConfigurationPlatforms) = preSolution
		Debug|Any CPU = Debug|Any CPU
		Debug|ARM = Debug|ARM
		Debug|iPhone = Debug|iPhone
		Debug|iPhoneSimulator = Debug|iPhoneSimulator
		Debug|x64 = Debug|x64
		Debug|x86 = Debug|x86
		Release|Any CPU = Release|Any CPU
		Release|ARM = Release|ARM
		Release|iPhone = Release|iPhone
		Release|iPhoneSimulator = Release|iPhoneSimulator
		Release|x64 = Release|x64
		Release|x86 = Release|x86
	EndGlobalSection
	GlobalSection(ProjectConfigurationPlatforms) = postSolution
		{32CB6B69-AF1D-44D2-828E-8BA9C6270A4D}.Debug|Any CPU.ActiveCfg = Debug|Any CPU
		{32CB6B69-AF1D-44D2-828E-8BA9C6270A4D}.Debug|Any CPU.Build.0 = Debug|Any CPU
		{32CB6B69-AF1D-44D2-828E-8BA9C6270A4D}.Debug|ARM.ActiveCfg = Debug|Any CPU
		{32CB6B69-AF1D-44D2-828E-8BA9C6270A4D}.Debug|ARM.Build.0 = Debug|Any CPU
		{32CB6B69-AF1D-44D2-828E-8BA9C6270A4D}.Debug|iPhone.ActiveCfg = Debug|Any CPU
		{32CB6B69-AF1D-44D2-828E-8BA9C6270A4D}.Debug|iPhone.Build.0 = Debug|Any CPU
		{32CB6B69-AF1D-44D2-828E-8BA9C6270A4D}.Debug|iPhoneSimulator.ActiveCfg = Debug|Any CPU
		{32CB6B69-AF1D-44D2-828E-8BA9C6270A4D}.Debug|iPhoneSimulator.Build.0 = Debug|Any CPU
		{32CB6B69-AF1D-44D2-828E-8BA9C6270A4D}.Debug|x64.ActiveCfg = Debug|Any CPU
		{32CB6B69-AF1D-44D2-828E-8BA9C6270A4D}.Debug|x64.Build.0 = Debug|Any CPU
		{32CB6B69-AF1D-44D2-828E-8BA9C6270A4D}.Debug|x86.ActiveCfg = Debug|Any CPU
		{32CB6B69-AF1D-44D2-828E-8BA9C6270A4D}.Debug|x86.Build.0 = Debug|Any CPU
		{32CB6B69-AF1D-44D2-828E-8BA9C6270A4D}.Release|Any CPU.ActiveCfg = Release|Any CPU
		{32CB6B69-AF1D-44D2-828E-8BA9C6270A4D}.Release|Any CPU.Build.0 = Release|Any CPU
		{32CB6B69-AF1D-44D2-828E-8BA9C6270A4D}.Release|ARM.ActiveCfg = Release|Any CPU
		{32CB6B69-AF1D-44D2-828E-8BA9C6270A4D}.Release|ARM.Build.0 = Release|Any CPU
		{32CB6B69-AF1D-44D2-828E-8BA9C6270A4D}.Release|iPhone.ActiveCfg = Release|Any CPU
		{32CB6B69-AF1D-44D2-828E-8BA9C6270A4D}.Release|iPhone.Build.0 = Release|Any CPU
		{32CB6B69-AF1D-44D2-828E-8BA9C6270A4D}.Release|iPhoneSimulator.ActiveCfg = Release|Any CPU
		{32CB6B69-AF1D-44D2-828E-8BA9C6270A4D}.Release|iPhoneSimulator.Build.0 = Release|Any CPU
		{32CB6B69-AF1D-44D2-828E-8BA9C6270A4D}.Release|x64.ActiveCfg = Release|Any CPU
		{32CB6B69-AF1D-44D2-828E-8BA9C6270A4D}.Release|x64.Build.0 = Release|Any CPU
		{32CB6B69-AF1D-44D2-828E-8BA9C6270A4D}.Release|x86.ActiveCfg = Release|Any CPU
		{32CB6B69-AF1D-44D2-828E-8BA9C6270A4D}.Release|x86.Build.0 = Release|Any CPU
		{C06FFE43-CC3B-4909-A0EA-712D8E51B95C}.Debug|Any CPU.ActiveCfg = Debug|Any CPU
		{C06FFE43-CC3B-4909-A0EA-712D8E51B95C}.Debug|Any CPU.Build.0 = Debug|Any CPU
		{C06FFE43-CC3B-4909-A0EA-712D8E51B95C}.Debug|ARM.ActiveCfg = Debug|Any CPU
		{C06FFE43-CC3B-4909-A0EA-712D8E51B95C}.Debug|ARM.Build.0 = Debug|Any CPU
		{C06FFE43-CC3B-4909-A0EA-712D8E51B95C}.Debug|iPhone.ActiveCfg = Debug|Any CPU
		{C06FFE43-CC3B-4909-A0EA-712D8E51B95C}.Debug|iPhone.Build.0 = Debug|Any CPU
		{C06FFE43-CC3B-4909-A0EA-712D8E51B95C}.Debug|iPhoneSimulator.ActiveCfg = Debug|Any CPU
		{C06FFE43-CC3B-4909-A0EA-712D8E51B95C}.Debug|iPhoneSimulator.Build.0 = Debug|Any CPU
		{C06FFE43-CC3B-4909-A0EA-712D8E51B95C}.Debug|x64.ActiveCfg = Debug|Any CPU
		{C06FFE43-CC3B-4909-A0EA-712D8E51B95C}.Debug|x64.Build.0 = Debug|Any CPU
		{C06FFE43-CC3B-4909-A0EA-712D8E51B95C}.Debug|x86.ActiveCfg = Debug|Any CPU
		{C06FFE43-CC3B-4909-A0EA-712D8E51B95C}.Debug|x86.Build.0 = Debug|Any CPU
		{C06FFE43-CC3B-4909-A0EA-712D8E51B95C}.Release|Any CPU.ActiveCfg = Release|Any CPU
		{C06FFE43-CC3B-4909-A0EA-712D8E51B95C}.Release|Any CPU.Build.0 = Release|Any CPU
		{C06FFE43-CC3B-4909-A0EA-712D8E51B95C}.Release|ARM.ActiveCfg = Release|Any CPU
		{C06FFE43-CC3B-4909-A0EA-712D8E51B95C}.Release|ARM.Build.0 = Release|Any CPU
		{C06FFE43-CC3B-4909-A0EA-712D8E51B95C}.Release|iPhone.ActiveCfg = Release|Any CPU
		{C06FFE43-CC3B-4909-A0EA-712D8E51B95C}.Release|iPhone.Build.0 = Release|Any CPU
		{C06FFE43-CC3B-4909-A0EA-712D8E51B95C}.Release|iPhoneSimulator.ActiveCfg = Release|Any CPU
		{C06FFE43-CC3B-4909-A0EA-712D8E51B95C}.Release|iPhoneSimulator.Build.0 = Release|Any CPU
		{C06FFE43-CC3B-4909-A0EA-712D8E51B95C}.Release|x64.ActiveCfg = Release|Any CPU
		{C06FFE43-CC3B-4909-A0EA-712D8E51B95C}.Release|x64.Build.0 = Release|Any CPU
		{C06FFE43-CC3B-4909-A0EA-712D8E51B95C}.Release|x86.ActiveCfg = Release|Any CPU
		{C06FFE43-CC3B-4909-A0EA-712D8E51B95C}.Release|x86.Build.0 = Release|Any CPU
		{93D7258F-A3EE-4D16-8E59-0AAC30C24680}.Debug|Any CPU.ActiveCfg = Debug|Any CPU
		{93D7258F-A3EE-4D16-8E59-0AAC30C24680}.Debug|Any CPU.Build.0 = Debug|Any CPU
		{93D7258F-A3EE-4D16-8E59-0AAC30C24680}.Debug|ARM.ActiveCfg = Debug|Any CPU
		{93D7258F-A3EE-4D16-8E59-0AAC30C24680}.Debug|ARM.Build.0 = Debug|Any CPU
		{93D7258F-A3EE-4D16-8E59-0AAC30C24680}.Debug|iPhone.ActiveCfg = Debug|Any CPU
		{93D7258F-A3EE-4D16-8E59-0AAC30C24680}.Debug|iPhone.Build.0 = Debug|Any CPU
		{93D7258F-A3EE-4D16-8E59-0AAC30C24680}.Debug|iPhoneSimulator.ActiveCfg = Debug|Any CPU
		{93D7258F-A3EE-4D16-8E59-0AAC30C24680}.Debug|iPhoneSimulator.Build.0 = Debug|Any CPU
		{93D7258F-A3EE-4D16-8E59-0AAC30C24680}.Debug|x64.ActiveCfg = Debug|Any CPU
		{93D7258F-A3EE-4D16-8E59-0AAC30C24680}.Debug|x64.Build.0 = Debug|Any CPU
		{93D7258F-A3EE-4D16-8E59-0AAC30C24680}.Debug|x86.ActiveCfg = Debug|Any CPU
		{93D7258F-A3EE-4D16-8E59-0AAC30C24680}.Debug|x86.Build.0 = Debug|Any CPU
		{93D7258F-A3EE-4D16-8E59-0AAC30C24680}.Release|Any CPU.ActiveCfg = Release|Any CPU
		{93D7258F-A3EE-4D16-8E59-0AAC30C24680}.Release|Any CPU.Build.0 = Release|Any CPU
		{93D7258F-A3EE-4D16-8E59-0AAC30C24680}.Release|ARM.ActiveCfg = Release|Any CPU
		{93D7258F-A3EE-4D16-8E59-0AAC30C24680}.Release|ARM.Build.0 = Release|Any CPU
		{93D7258F-A3EE-4D16-8E59-0AAC30C24680}.Release|iPhone.ActiveCfg = Release|Any CPU
		{93D7258F-A3EE-4D16-8E59-0AAC30C24680}.Release|iPhone.Build.0 = Release|Any CPU
		{93D7258F-A3EE-4D16-8E59-0AAC30C24680}.Release|iPhoneSimulator.ActiveCfg = Release|Any CPU
		{93D7258F-A3EE-4D16-8E59-0AAC30C24680}.Release|iPhoneSimulator.Build.0 = Release|Any CPU
		{93D7258F-A3EE-4D16-8E59-0AAC30C24680}.Release|x64.ActiveCfg = Release|Any CPU
		{93D7258F-A3EE-4D16-8E59-0AAC30C24680}.Release|x64.Build.0 = Release|Any CPU
		{93D7258F-A3EE-4D16-8E59-0AAC30C24680}.Release|x86.ActiveCfg = Release|Any CPU
		{93D7258F-A3EE-4D16-8E59-0AAC30C24680}.Release|x86.Build.0 = Release|Any CPU
		{0AA4774A-E27D-4602-A520-B24DD1D37E8A}.Debug|Any CPU.ActiveCfg = Debug|Any CPU
		{0AA4774A-E27D-4602-A520-B24DD1D37E8A}.Debug|Any CPU.Build.0 = Debug|Any CPU
		{0AA4774A-E27D-4602-A520-B24DD1D37E8A}.Debug|ARM.ActiveCfg = Debug|Any CPU
		{0AA4774A-E27D-4602-A520-B24DD1D37E8A}.Debug|ARM.Build.0 = Debug|Any CPU
		{0AA4774A-E27D-4602-A520-B24DD1D37E8A}.Debug|iPhone.ActiveCfg = Debug|Any CPU
		{0AA4774A-E27D-4602-A520-B24DD1D37E8A}.Debug|iPhone.Build.0 = Debug|Any CPU
		{0AA4774A-E27D-4602-A520-B24DD1D37E8A}.Debug|iPhoneSimulator.ActiveCfg = Debug|Any CPU
		{0AA4774A-E27D-4602-A520-B24DD1D37E8A}.Debug|iPhoneSimulator.Build.0 = Debug|Any CPU
		{0AA4774A-E27D-4602-A520-B24DD1D37E8A}.Debug|x64.ActiveCfg = Debug|Any CPU
		{0AA4774A-E27D-4602-A520-B24DD1D37E8A}.Debug|x64.Build.0 = Debug|Any CPU
		{0AA4774A-E27D-4602-A520-B24DD1D37E8A}.Debug|x86.ActiveCfg = Debug|Any CPU
		{0AA4774A-E27D-4602-A520-B24DD1D37E8A}.Debug|x86.Build.0 = Debug|Any CPU
		{0AA4774A-E27D-4602-A520-B24DD1D37E8A}.Release|Any CPU.ActiveCfg = Release|Any CPU
		{0AA4774A-E27D-4602-A520-B24DD1D37E8A}.Release|Any CPU.Build.0 = Release|Any CPU
		{0AA4774A-E27D-4602-A520-B24DD1D37E8A}.Release|ARM.ActiveCfg = Release|Any CPU
		{0AA4774A-E27D-4602-A520-B24DD1D37E8A}.Release|ARM.Build.0 = Release|Any CPU
		{0AA4774A-E27D-4602-A520-B24DD1D37E8A}.Release|iPhone.ActiveCfg = Release|Any CPU
		{0AA4774A-E27D-4602-A520-B24DD1D37E8A}.Release|iPhone.Build.0 = Release|Any CPU
		{0AA4774A-E27D-4602-A520-B24DD1D37E8A}.Release|iPhoneSimulator.ActiveCfg = Release|Any CPU
		{0AA4774A-E27D-4602-A520-B24DD1D37E8A}.Release|iPhoneSimulator.Build.0 = Release|Any CPU
		{0AA4774A-E27D-4602-A520-B24DD1D37E8A}.Release|x64.ActiveCfg = Release|Any CPU
		{0AA4774A-E27D-4602-A520-B24DD1D37E8A}.Release|x64.Build.0 = Release|Any CPU
		{0AA4774A-E27D-4602-A520-B24DD1D37E8A}.Release|x86.ActiveCfg = Release|Any CPU
		{0AA4774A-E27D-4602-A520-B24DD1D37E8A}.Release|x86.Build.0 = Release|Any CPU
		{3FFDD463-FE66-421A-BC25-764665D47DC6}.Debug|Any CPU.ActiveCfg = Debug|Any CPU
		{3FFDD463-FE66-421A-BC25-764665D47DC6}.Debug|Any CPU.Build.0 = Debug|Any CPU
		{3FFDD463-FE66-421A-BC25-764665D47DC6}.Debug|ARM.ActiveCfg = Debug|Any CPU
		{3FFDD463-FE66-421A-BC25-764665D47DC6}.Debug|ARM.Build.0 = Debug|Any CPU
		{3FFDD463-FE66-421A-BC25-764665D47DC6}.Debug|iPhone.ActiveCfg = Debug|Any CPU
		{3FFDD463-FE66-421A-BC25-764665D47DC6}.Debug|iPhone.Build.0 = Debug|Any CPU
		{3FFDD463-FE66-421A-BC25-764665D47DC6}.Debug|iPhoneSimulator.ActiveCfg = Debug|Any CPU
		{3FFDD463-FE66-421A-BC25-764665D47DC6}.Debug|iPhoneSimulator.Build.0 = Debug|Any CPU
		{3FFDD463-FE66-421A-BC25-764665D47DC6}.Debug|x64.ActiveCfg = Debug|Any CPU
		{3FFDD463-FE66-421A-BC25-764665D47DC6}.Debug|x64.Build.0 = Debug|Any CPU
		{3FFDD463-FE66-421A-BC25-764665D47DC6}.Debug|x86.ActiveCfg = Debug|Any CPU
		{3FFDD463-FE66-421A-BC25-764665D47DC6}.Debug|x86.Build.0 = Debug|Any CPU
		{3FFDD463-FE66-421A-BC25-764665D47DC6}.Release|Any CPU.ActiveCfg = Release|Any CPU
		{3FFDD463-FE66-421A-BC25-764665D47DC6}.Release|Any CPU.Build.0 = Release|Any CPU
		{3FFDD463-FE66-421A-BC25-764665D47DC6}.Release|ARM.ActiveCfg = Release|Any CPU
		{3FFDD463-FE66-421A-BC25-764665D47DC6}.Release|ARM.Build.0 = Release|Any CPU
		{3FFDD463-FE66-421A-BC25-764665D47DC6}.Release|iPhone.ActiveCfg = Release|Any CPU
		{3FFDD463-FE66-421A-BC25-764665D47DC6}.Release|iPhone.Build.0 = Release|Any CPU
		{3FFDD463-FE66-421A-BC25-764665D47DC6}.Release|iPhoneSimulator.ActiveCfg = Release|Any CPU
		{3FFDD463-FE66-421A-BC25-764665D47DC6}.Release|iPhoneSimulator.Build.0 = Release|Any CPU
		{3FFDD463-FE66-421A-BC25-764665D47DC6}.Release|x64.ActiveCfg = Release|Any CPU
		{3FFDD463-FE66-421A-BC25-764665D47DC6}.Release|x64.Build.0 = Release|Any CPU
		{3FFDD463-FE66-421A-BC25-764665D47DC6}.Release|x86.ActiveCfg = Release|Any CPU
		{3FFDD463-FE66-421A-BC25-764665D47DC6}.Release|x86.Build.0 = Release|Any CPU
		{625F734C-BC5D-4292-B7F9-CFE5FECF898E}.Debug|Any CPU.ActiveCfg = Debug|Any CPU
		{625F734C-BC5D-4292-B7F9-CFE5FECF898E}.Debug|Any CPU.Build.0 = Debug|Any CPU
		{625F734C-BC5D-4292-B7F9-CFE5FECF898E}.Debug|ARM.ActiveCfg = Debug|Any CPU
		{625F734C-BC5D-4292-B7F9-CFE5FECF898E}.Debug|ARM.Build.0 = Debug|Any CPU
		{625F734C-BC5D-4292-B7F9-CFE5FECF898E}.Debug|iPhone.ActiveCfg = Debug|Any CPU
		{625F734C-BC5D-4292-B7F9-CFE5FECF898E}.Debug|iPhone.Build.0 = Debug|Any CPU
		{625F734C-BC5D-4292-B7F9-CFE5FECF898E}.Debug|iPhoneSimulator.ActiveCfg = Debug|Any CPU
		{625F734C-BC5D-4292-B7F9-CFE5FECF898E}.Debug|iPhoneSimulator.Build.0 = Debug|Any CPU
		{625F734C-BC5D-4292-B7F9-CFE5FECF898E}.Debug|x64.ActiveCfg = Debug|Any CPU
		{625F734C-BC5D-4292-B7F9-CFE5FECF898E}.Debug|x64.Build.0 = Debug|Any CPU
		{625F734C-BC5D-4292-B7F9-CFE5FECF898E}.Debug|x86.ActiveCfg = Debug|Any CPU
		{625F734C-BC5D-4292-B7F9-CFE5FECF898E}.Debug|x86.Build.0 = Debug|Any CPU
		{625F734C-BC5D-4292-B7F9-CFE5FECF898E}.Release|Any CPU.ActiveCfg = Release|Any CPU
		{625F734C-BC5D-4292-B7F9-CFE5FECF898E}.Release|Any CPU.Build.0 = Release|Any CPU
		{625F734C-BC5D-4292-B7F9-CFE5FECF898E}.Release|ARM.ActiveCfg = Release|Any CPU
		{625F734C-BC5D-4292-B7F9-CFE5FECF898E}.Release|ARM.Build.0 = Release|Any CPU
		{625F734C-BC5D-4292-B7F9-CFE5FECF898E}.Release|iPhone.ActiveCfg = Release|Any CPU
		{625F734C-BC5D-4292-B7F9-CFE5FECF898E}.Release|iPhone.Build.0 = Release|Any CPU
		{625F734C-BC5D-4292-B7F9-CFE5FECF898E}.Release|iPhoneSimulator.ActiveCfg = Release|Any CPU
		{625F734C-BC5D-4292-B7F9-CFE5FECF898E}.Release|iPhoneSimulator.Build.0 = Release|Any CPU
		{625F734C-BC5D-4292-B7F9-CFE5FECF898E}.Release|x64.ActiveCfg = Release|Any CPU
		{625F734C-BC5D-4292-B7F9-CFE5FECF898E}.Release|x64.Build.0 = Release|Any CPU
		{625F734C-BC5D-4292-B7F9-CFE5FECF898E}.Release|x86.ActiveCfg = Release|Any CPU
		{625F734C-BC5D-4292-B7F9-CFE5FECF898E}.Release|x86.Build.0 = Release|Any CPU
	EndGlobalSection
	GlobalSection(SolutionProperties) = preSolution
		HideSolutionNode = FALSE
	EndGlobalSection
	GlobalSection(ExtensibilityGlobals) = postSolution
		SolutionGuid = {8193DC97-A7CE-469F-A418-58D02CA2E005}
	EndGlobalSection
EndGlobal
